
Microsoft Visual Studio Solution File, Format Version 12.00
# Visual Studio Version 17
VisualStudioVersion = 17.6.33829.357
MinimumVisualStudioVersion = 10.0.40219.1
Project("{FAE04EC0-301F-11D3-BF4B-00C04F79EFBC}") = "TESTapi", "TESTapi\TESTapi.csproj", "{A060CA87-5D82-4E0A-833E-5EAF565E68D0}"
EndProject
Global
	GlobalSection(SolutionConfigurationPlatforms) = preSolution
		Debug|Any CPU = Debug|Any CPU
		Release|Any CPU = Release|Any CPU
	EndGlobalSection
	GlobalSection(ProjectConfigurationPlatforms) = postSolution
		{A060CA87-5D82-4E0A-833E-5EAF565E68D0}.Debug|Any CPU.ActiveCfg = Debug|Any CPU
		{A060CA87-5D82-4E0A-833E-5EAF565E68D0}.Debug|Any CPU.Build.0 = Debug|Any CPU
		{A060CA87-5D82-4E0A-833E-5EAF565E68D0}.Release|Any CPU.ActiveCfg = Release|Any CPU
		{A060CA87-5D82-4E0A-833E-5EAF565E68D0}.Release|Any CPU.Build.0 = Release|Any CPU
	EndGlobalSection
	GlobalSection(SolutionProperties) = preSolution
		HideSolutionNode = FALSE
	EndGlobalSection
	GlobalSection(ExtensibilityGlobals) = postSolution
		SolutionGuid = {B1A18D9A-A7C5-4BD4-A881-C3E87BE87C9D}
	EndGlobalSection
EndGlobal
